
Microsoft Visual Studio Solution File, Format Version 12.00
# Visual Studio Version 17
VisualStudioVersion = 17.3.32901.215
MinimumVisualStudioVersion = 10.0.40219.1
Project("{9A19103F-16F7-4668-BE54-9A1E7A4F7556}") = "SignalRServerExample", "SignalRServerExample\SignalRServerExample.csproj", "{14C19789-6494-4ADB-BEA7-A5EFB3130496}"
EndProject
Global
	GlobalSection(SolutionConfigurationPlatforms) = preSolution
		Debug|Any CPU = Debug|Any CPU
		Release|Any CPU = Release|Any CPU
	EndGlobalSection
	GlobalSection(ProjectConfigurationPlatforms) = postSolution
		{14C19789-6494-4ADB-BEA7-A5EFB3130496}.Debug|Any CPU.ActiveCfg = Debug|Any CPU
		{14C19789-6494-4ADB-BEA7-A5EFB3130496}.Debug|Any CPU.Build.0 = Debug|Any CPU
		{14C19789-6494-4ADB-BEA7-A5EFB3130496}.Release|Any CPU.ActiveCfg = Release|Any CPU
		{14C19789-6494-4ADB-BEA7-A5EFB3130496}.Release|Any CPU.Build.0 = Release|Any CPU
	EndGlobalSection
	GlobalSection(SolutionProperties) = preSolution
		HideSolutionNode = FALSE
	EndGlobalSection
	GlobalSection(ExtensibilityGlobals) = postSolution
		SolutionGuid = {350C7201-FBC5-4900-8575-EC7D3B9BADB4}
	EndGlobalSection
EndGlobal
